# THIS IS AN AUTOGENERATED FILE. DO NOT EDIT THIS FILE DIRECTLY.
# yarn lockfile v1


"@babel/runtime@^7.12.5", "@babel/runtime@^7.8.4":
  version "7.17.9"
  resolved "https://registry.npmmirror.com/@babel/runtime/-/runtime-7.17.9.tgz#d19fbf802d01a8cb6cf053a64e472d42c434ba72"
  integrity sha512-lSiBBvodq29uShpWGNbgFdKYNiFDo5/HIYsaCEY9ff4sb10x9jizo2+pRrSyF4jKZCXqgzuqBOQKbUm90gQwJg==
  dependencies:
    regenerator-runtime "^0.13.4"

"@floating-ui/core@^0.6.1":
  version "0.6.1"
  resolved "https://registry.npmmirror.com/@floating-ui/core/-/core-0.6.1.tgz#aed861a1b6dbebadf14a9dd829ba67f4f3ae795c"
  integrity sha512-Y30eVMcZva8o84c0HcXAtDO4BEzPJMvF6+B7x7urL2xbAqVsGJhojOyHLaoQHQYjb6OkqRq5kO+zeySycQwKqg==

"@floating-ui/dom@^0.4.2":
  version "0.4.4"
  resolved "https://registry.npmmirror.com/@floating-ui/dom/-/dom-0.4.4.tgz#e0919d23e40bcc84ce2ebe1b9701b211f2d84b3c"
  integrity sha512-0Ulu3B/dqQplUUSqnTx0foSrlYuMN+GTtlJWvNJwt6Fr7/PqmlR/Y08o6/+bxDWr6p3roBJRaQ51MDZsNmEhhw==
  dependencies:
    "@floating-ui/core" "^0.6.1"

"@react-spring/animated@~9.4.4":
  version "9.4.4"
  resolved "https://registry.npmmirror.com/@react-spring/animated/-/animated-9.4.4.tgz#15e21923e55c06ca2bcea432869b91b2f8b07519"
  integrity sha512-e9xnuBaUTD+NolKikUmrGWjX8AVCPyj1GcEgjgq9E+0sXKv46UY7cm2EmB6mUDTxWIDVKebARY++xT4nGDraBQ==
  dependencies:
    "@react-spring/shared" "~9.4.4"
    "@react-spring/types" "~9.4.4"

"@react-spring/core@~9.4.4":
  version "9.4.4"
  resolved "https://registry.npmmirror.com/@react-spring/core/-/core-9.4.4.tgz#7730988cec7302ba6e0977cf4c08c30249d95622"
  integrity sha512-llgb0ljFyjMB0JhWsaFHOi9XFT8n1jBMVs1IFY2ipIBerWIRWrgUmIpakLPHTa4c4jwqTaDSwX90s2a0iN7dxQ==
  dependencies:
    "@react-spring/animated" "~9.4.4"
    "@react-spring/rafz" "~9.4.4"
    "@react-spring/shared" "~9.4.4"
    "@react-spring/types" "~9.4.4"

"@react-spring/rafz@~9.4.4":
  version "9.4.4"
  resolved "https://registry.npmmirror.com/@react-spring/rafz/-/rafz-9.4.4.tgz#736c9ed1099baebeea20c357b9700b01b83ea9de"
  integrity sha512-5ki/sQ06Mdf8AuFstSt5zbNNicRT4LZogiJttDAww1ozhuvemafNWEHxhzcULgCPCDu2s7HsroaISV7+GQWrhw==

"@react-spring/shared@~9.4.4":
  version "9.4.4"
  resolved "https://registry.npmmirror.com/@react-spring/shared/-/shared-9.4.4.tgz#e1ae00a77d170d86d77d9a19dc7015bdddc2d26f"
  integrity sha512-ySVgScDZlhm/+Iy2smY9i/DDrShArY0j6zjTS/Re1lasKnhq8qigoGiAxe8xMPJNlCaj3uczCqHy3TY9bKRtfQ==
  dependencies:
    "@react-spring/rafz" "~9.4.4"
    "@react-spring/types" "~9.4.4"

"@react-spring/types@~9.4.4":
  version "9.4.4"
  resolved "https://registry.npmmirror.com/@react-spring/types/-/types-9.4.4.tgz#97c69881788e624d7cc68d4385fdaa9b5fd20642"
  integrity sha512-KpxKt/D//q/t/6FBcde/RE36LKp8PpWu7kFEMLwpzMGl9RpcexunmYOQJWwmJWtkQjgE1YRr7DzBMryz6La1cQ==

"@react-spring/web@^9.4.4":
  version "9.4.4"
  resolved "https://registry.npmmirror.com/@react-spring/web/-/web-9.4.4.tgz#0d13356e61c1d47e83a36112e19e5db691f3fbe5"
  integrity sha512-iJmOLdhcuizriUlu/xqBc5y8KaFts+UI+iC+GxyTwBtzxA9czKiSAZW2ESuhG8stafa3jncwjfTQQp84KN36cw==
  dependencies:
    "@react-spring/animated" "~9.4.4"
    "@react-spring/core" "~9.4.4"
    "@react-spring/shared" "~9.4.4"
    "@react-spring/types" "~9.4.4"

"@types/big.js@^6.1.3":
  version "6.1.3"
  resolved "https://registry.npmmirror.com/@types/big.js/-/big.js-6.1.3.tgz#c008dec4dae24c7a338ebb4521c46e9609020807"
  integrity sha512-fHh2h1cFlvGP0kFCqoAsnuQoM0n3xHB6HxgZvELt7dji+BtK/j938MRL0nG5AA45EgibuFcPjgLlkqfUPCyoKw==

"@types/js-cookie@^2.x.x":
  version "2.2.7"
  resolved "https://registry.npmmirror.com/@types/js-cookie/-/js-cookie-2.2.7.tgz#226a9e31680835a6188e887f3988e60c04d3f6a3"
  integrity sha512-aLkWa0C0vO5b4Sr798E26QgOkss68Un0bLjs7u9qxzPT5CG+8DuNTffWES58YzJs3hrVAOs1wonycqEBqNJubA==

"@types/prop-types@*":
  version "15.7.5"
  resolved "https://registry.npmmirror.com/@types/prop-types/-/prop-types-15.7.5.tgz#5f19d2b85a98e9558036f6a3cacc8819420f05cf"
  integrity sha512-JCB8C6SnDoQf0cNycqd/35A7MjcnK+ZTqE7judS6o7utxUCg6imJg3QK2qzHKszlTjcj2cn+NwMB2i96ubpj7w==

"@types/react-is@^17.0.3":
  version "17.0.3"
  resolved "https://registry.npmmirror.com/@types/react-is/-/react-is-17.0.3.tgz#2d855ba575f2fc8d17ef9861f084acc4b90a137a"
  integrity sha512-aBTIWg1emtu95bLTLx0cpkxwGW3ueZv71nE2YFBpL8k/z5czEW8yYpOo8Dp+UUAFAtKwNaOsh/ioSeQnWlZcfw==
  dependencies:
    "@types/react" "*"

"@types/react@*":
  version "18.0.5"
  resolved "https://registry.npmmirror.com/@types/react/-/react-18.0.5.tgz#1a4d4b705ae6af5aed369dec22800b20f89f5301"
  integrity sha512-UPxNGInDCIKlfqBrm8LDXYWNfLHwIdisWcsH5GpMyGjhEDLFgTtlRBaoWuCua9HcyuE0rMkmAeZ3FXV1pYLIYQ==
  dependencies:
    "@types/prop-types" "*"
    "@types/scheduler" "*"
    csstype "^3.0.2"

"@types/resize-observer-browser@^0.1.7":
  version "0.1.7"
  resolved "https://registry.npmmirror.com/@types/resize-observer-browser/-/resize-observer-browser-0.1.7.tgz#294aaadf24ac6580b8fbd1fe3ab7b59fe85f9ef3"
  integrity sha512-G9eN0Sn0ii9PWQ3Vl72jDPgeJwRWhv2Qk/nQkJuWmRmOB4HX3/BhD5SE1dZs/hzPZL/WKnvF0RHdTSG54QJFyg==

"@types/scheduler@*":
  version "0.16.2"
  resolved "https://registry.npmmirror.com/@types/scheduler/-/scheduler-0.16.2.tgz#1a62f89525723dde24ba1b01b092bf5df8ad4d39"
  integrity sha512-hppQEBDmlwhFAXKJX2KnWLYu5yMfi91yazPb2l+lbJiwW+wdo1gNeRA+3RgNSO39WYX2euey41KEwnqesU2Jew==

"@use-gesture/core@10.2.11":
  version "10.2.11"
  resolved "https://registry.npmmirror.com/@use-gesture/core/-/core-10.2.11.tgz#914c36f190bcf452500d11a11fc294fe56e5dc2f"
  integrity sha512-5YeVrT9prf9UeaAO+2fIuiKdZ01uVBvVsjG79berGZPTHVkz01eFX2ODWJG05uQTqmRw6olz1J80yt6qcGPdvA==

"@use-gesture/react@^10.2.10":
  version "10.2.11"
  resolved "https://registry.npmmirror.com/@use-gesture/react/-/react-10.2.11.tgz#f23776050aeaee3b18f80df9cd2b765229bbfa66"
  integrity sha512-yATjHv6ZNe9Jar1YtJvcb6KxwpcGGW/X8FEUY6xo2mDxHkP7dCsnhZZm7I+giGlrJKBMvpVBARsbUhwQP6v6nA==
  dependencies:
    "@use-gesture/core" "10.2.11"

ahooks-v3-count@^1.0.0:
  version "1.0.0"
  resolved "https://registry.npmmirror.com/ahooks-v3-count/-/ahooks-v3-count-1.0.0.tgz#ddeb392e009ad6e748905b3cbf63a9fd8262ca80"
  integrity sha512-V7uUvAwnimu6eh/PED4mCDjE7tokeZQLKlxg9lCTMPhN+NjsSbtdacByVlR1oluXQzD3MOw55wylDmQo4+S9ZQ==

ahooks@^3.1.14:
  version "3.3.8"
  resolved "https://registry.npmmirror.com/ahooks/-/ahooks-3.3.8.tgz#57efcfd4749d35036adf6f0a8d43b1e8d49b014a"
  integrity sha512-jMfUTiWfd6KgfFAdY06kXIqXNC0Ak7Yq7Xw8zJjjS/qKDbqoBYZALYTqwmfo9KM81tAHiTVytvwBTIAhbx0w6w==
  dependencies:
    "@types/js-cookie" "^2.x.x"
    ahooks-v3-count "^1.0.0"
    dayjs "^1.9.1"
    intersection-observer "^0.12.0"
    js-cookie "^2.x.x"
    lodash "^4.17.21"
    resize-observer-polyfill "^1.5.1"
    screenfull "^5.0.0"

antd-mobile-icons@^0.2.2:
  version "0.2.2"
  resolved "https://registry.npmmirror.com/antd-mobile-icons/-/antd-mobile-icons-0.2.2.tgz#0e084d3ea5c642f60ab46e7ed3db74ad3dbacd52"
  integrity sha512-iquIc7EsQTndk5nMv9pQQv+/OY5YnjVIPhtCFo7W7JL+Gjqzq/YJ/HO2WxUxyCgYha2NsTTNAb2vPa/M4zAi2g==

antd-mobile-v5-count@^1.0.1:
  version "1.0.1"
  resolved "https://registry.npmmirror.com/antd-mobile-v5-count/-/antd-mobile-v5-count-1.0.1.tgz#85f20c46d1635c24e856bcf5ad55e8c98e44a523"
  integrity sha512-YGsiEDCPUDz3SzfXi6gLZn/HpeSMW+jgPc4qiYUr1fSopg3hkUie2TnooJdExgfiETHefH3Ggs58He0OVfegLA==

antd-mobile@^5.10.2:
  version "5.10.2"
  resolved "https://registry.npmmirror.com/antd-mobile/-/antd-mobile-5.10.2.tgz#a46fcb444e33e18271bef0271a9ab37f79bad23a"
  integrity sha512-nrUOPp/Mc2eByo2i/uH9JfozB6fEFWmp36AKiwfr9Gl9YWavEcElA45j0nMiOzNvhSOU/VRtbyZK8bUv6XeKWA==
  dependencies:
    "@floating-ui/dom" "^0.4.2"
    "@react-spring/web" "^9.4.4"
    "@types/big.js" "^6.1.3"
    "@types/react-is" "^17.0.3"
    "@types/resize-observer-browser" "^0.1.7"
    "@use-gesture/react" "^10.2.10"
    ahooks "^3.1.14"
    antd-mobile-icons "^0.2.2"
    antd-mobile-v5-count "^1.0.1"
    big.js "^6.1.1"
    classnames "^2.3.1"
    dayjs "^1.11.0"
    lodash "^4.17.21"
    rc-field-form "^1.24.0"
    react-is "^17.0.2"
    staged-components "^1.1.2"
    tslib "^2.3.1"

async-validator@^4.0.2:
  version "4.0.7"
  resolved "https://registry.npmmirror.com/async-validator/-/async-validator-4.0.7.tgz#034a0fd2103a6b2ebf010da75183bec299247afe"
  integrity sha512-Pj2IR7u8hmUEDOwB++su6baaRi+QvsgajuFB9j95foM1N2gy5HM4z60hfusIO0fBPG5uLAEl6yCJr1jNSVugEQ==

big.js@^6.1.1:
  version "6.1.1"
  resolved "https://registry.npmmirror.com/big.js/-/big.js-6.1.1.tgz#63b35b19dc9775c94991ee5db7694880655d5537"
  integrity sha512-1vObw81a8ylZO5ePrtMay0n018TcftpTA5HFKDaSuiUDBo8biRBtjIobw60OpwuvrGk+FsxKamqN4cnmj/eXdg==

classnames@^2.3.1:
  version "2.3.1"
  resolved "https://registry.npmmirror.com/classnames/-/classnames-2.3.1.tgz#dfcfa3891e306ec1dad105d0e88f4417b8535e8e"
  integrity sha512-OlQdbZ7gLfGarSqxesMesDa5uz7KFbID8Kpq/SxIoNGDqY8lSYs0D+hhtBXhcdB3rcbXArFr7vlHheLk1voeNA==

csstype@^3.0.2:
  version "3.0.11"
  resolved "https://registry.npmmirror.com/csstype/-/csstype-3.0.11.tgz#d66700c5eacfac1940deb4e3ee5642792d85cd33"
  integrity sha512-sa6P2wJ+CAbgyy4KFssIb/JNMLxFvKF1pCYCSXS8ZMuqZnMsrxqI2E5sPyoTpxoPU/gVZMzr2zjOfg8GIZOMsw==

dayjs@^1.11.0, dayjs@^1.9.1:
  version "1.11.1"
  resolved "https://registry.npmmirror.com/dayjs/-/dayjs-1.11.1.tgz#90b33a3dda3417258d48ad2771b415def6545eb0"
  integrity sha512-ER7EjqVAMkRRsxNCC5YqJ9d9VQYuWdGt7aiH2qA5R5wt8ZmWaP2dLUSIK6y/kVzLMlmh1Tvu5xUf4M/wdGJ5KA==

intersection-observer@^0.12.0:
  version "0.12.0"
  resolved "https://registry.npmmirror.com/intersection-observer/-/intersection-observer-0.12.0.tgz#6c84628f67ce8698e5f9ccf857d97718745837aa"
  integrity sha512-2Vkz8z46Dv401zTWudDGwO7KiGHNDkMv417T5ItcNYfmvHR/1qCTVBO9vwH8zZmQ0WkA/1ARwpysR9bsnop4NQ==

js-cookie@^2.x.x:
  version "2.2.1"
  resolved "https://registry.npmmirror.com/js-cookie/-/js-cookie-2.2.1.tgz#69e106dc5d5806894562902aa5baec3744e9b2b8"
  integrity sha512-HvdH2LzI/EAZcUwA8+0nKNtWHqS+ZmijLA30RwZA0bo7ToCckjK5MkGhjED9KoRcXO6BaGI3I9UIzSA1FKFPOQ==

"js-tokens@^3.0.0 || ^4.0.0":
  version "4.0.0"
  resolved "https://registry.npmmirror.com/js-tokens/-/js-tokens-4.0.0.tgz#19203fb59991df98e3a287050d4647cdeaf32499"
  integrity sha512-RdJUflcE3cUzKiMqQgsCu06FPu9UdIJO0beYbPhHN4k6apgJtifcoCtT9bcxOpYBtpD2kCM6Sbzg4CausW/PKQ==

lodash@^4.17.21:
  version "4.17.21"
  resolved "https://registry.npmmirror.com/lodash/-/lodash-4.17.21.tgz#679591c564c3bffaae8454cf0b3df370c3d6911c"
  integrity sha512-v2kDEe57lecTulaDIuNTPy3Ry4gLGJ6Z1O3vE1krgXZNrsQ+LFTGHVxVjcXPs17LhbZVGedAJv8XZ1tvj5FvSg==

loose-envify@^1.1.0:
  version "1.4.0"
  resolved "https://registry.npmmirror.com/loose-envify/-/loose-envify-1.4.0.tgz#71ee51fa7be4caec1a63839f7e682d8132d30caf"
  integrity sha512-lyuxPGr/Wfhrlem2CL/UcnUc1zcqKAImBDzukY7Y5F/yQiNdko6+fRLevlw1HgMySw7f611UIY408EtxRSoK3Q==
  dependencies:
    js-tokens "^3.0.0 || ^4.0.0"

object-assign@^4.1.1:
  version "4.1.1"
  resolved "https://registry.npmmirror.com/object-assign/-/object-assign-4.1.1.tgz#2109adc7965887cfc05cbbd442cac8bfbb360863"
  integrity sha512-rJgTQnkUnH1sFw8yT6VSU3zD3sWmu6sZhIseY8VX+GRu3P6F7Fu+JNDoXfklElbLJSnc3FUQHVe4cU5hj+BcUg==

rc-field-form@^1.24.0:
  version "1.26.2"
  resolved "https://registry.npmmirror.com/rc-field-form/-/rc-field-form-1.26.2.tgz#69d92811eed09f9e1f74704695b13253bb2ae534"
  integrity sha512-Q1QdpLAt/kxd119kJwGfFvn/ZIzjzTBJsCscy5k0z3g+eRMHkI0Exij6SE2D42N7FAzVkvuXTvzqWSiFGeer7g==
  dependencies:
    "@babel/runtime" "^7.8.4"
    async-validator "^4.0.2"
    rc-util "^5.8.0"

rc-util@^5.8.0:
  version "5.20.1"
  resolved "https://registry.npmmirror.com/rc-util/-/rc-util-5.20.1.tgz#323590df56175f60b1a67d2ba76f04c3c2cb84cd"
  integrity sha512-2IEyErPAYl0Up5gBu71e8IkOs+/SL9XRUvnGhtsr7IHlXLx2OsbQKTDpWacJbzLCmNcgJylDGj1kiklx+zagRA==
  dependencies:
    "@babel/runtime" "^7.12.5"
    react-is "^16.12.0"
    shallowequal "^1.1.0"

react-dom@17.0.0:
  version "17.0.0"
  resolved "https://registry.npmmirror.com/react-dom/-/react-dom-17.0.0.tgz#f8266e4d9861584553ccbd186d596a1c7dd8dcb4"
  integrity sha512-OGnFbxCjI2TMAZYMVxi4hqheJiN8rCEVVrL7XIGzCB6beNc4Am8M47HtkvxODZw9QgjmAPKpLba9FTu4fC1byA==
  dependencies:
    loose-envify "^1.1.0"
    object-assign "^4.1.1"
    scheduler "^0.20.0"

react-is@^16.12.0:
  version "16.13.1"
  resolved "https://registry.npmmirror.com/react-is/-/react-is-16.13.1.tgz#789729a4dc36de2999dc156dd6c1d9c18cea56a4"
  integrity sha512-24e6ynE2H+OKt4kqsOvNd8kBpV65zoxbA4BVsEOB3ARVWQki/DHzaUoC5KuON/BiccDaCCTZBuOcfZs70kR8bQ==

react-is@^17.0.2:
  version "17.0.2"
  resolved "https://registry.npmmirror.com/react-is/-/react-is-17.0.2.tgz#e691d4a8e9c789365655539ab372762b0efb54f0"
  integrity sha512-w2GsyukL62IJnlaff/nRegPQR94C/XXamvMWmSHRJ4y7Ts/4ocGRmTHvOs8PSE6pB3dWOrD/nueuU5sduBsQ4w==

react@17.0.0:
  version "17.0.0"
  resolved "https://registry.npmmirror.com/react/-/react-17.0.0.tgz#ad96d5fa1a33bb9b06d0cc52672f7992d84aa662"
  integrity sha512-rG9bqS3LMuetoSUKHN8G3fMNuQOePKDThK6+2yXFWtoeTDLVNh/QCaxT+Jr+rNf4lwNXpx+atdn3Aa0oi8/6eQ==
  dependencies:
    loose-envify "^1.1.0"
    object-assign "^4.1.1"

regenerator-runtime@^0.13.4:
  version "0.13.9"
  resolved "https://registry.npmmirror.com/regenerator-runtime/-/regenerator-runtime-0.13.9.tgz#8925742a98ffd90814988d7566ad30ca3b263b52"
  integrity sha512-p3VT+cOEgxFsRRA9X4lkI1E+k2/CtnKtU4gcxyaCUreilL/vqI6CdZ3wxVUx3UOUg+gnUOQQcRI7BmSI656MYA==

resize-observer-polyfill@^1.5.1:
  version "1.5.1"
  resolved "https://registry.npmmirror.com/resize-observer-polyfill/-/resize-observer-polyfill-1.5.1.tgz#0e9020dd3d21024458d4ebd27e23e40269810464"
  integrity sha512-LwZrotdHOo12nQuZlHEmtuXdqGoOD0OhaxopaNFxWzInpEgaLWoVuAMbTzixuosCx2nEG58ngzW3vxdWoxIgdg==

scheduler@^0.20.0:
  version "0.20.2"
  resolved "https://registry.npmmirror.com/scheduler/-/scheduler-0.20.2.tgz#4baee39436e34aa93b4874bddcbf0fe8b8b50e91"
  integrity sha512-2eWfGgAqqWFGqtdMmcL5zCMK1U8KlXv8SQFGglL3CEtd0aDVDWgeF/YoCmvln55m5zSk3J/20hTaSBeSObsQDQ==
  dependencies:
    loose-envify "^1.1.0"
    object-assign "^4.1.1"

screenfull@^5.0.0:
  version "5.2.0"
  resolved "https://registry.npmmirror.com/screenfull/-/screenfull-5.2.0.tgz#6533d524d30621fc1283b9692146f3f13a93d1ba"
  integrity sha512-9BakfsO2aUQN2K9Fdbj87RJIEZ82Q9IGim7FqM5OsebfoFC6ZHXgDq/KvniuLTPdeM8wY2o6Dj3WQ7KeQCj3cA==

shallowequal@^1.1.0:
  version "1.1.0"
  resolved "https://registry.npmmirror.com/shallowequal/-/shallowequal-1.1.0.tgz#188d521de95b9087404fd4dcb68b13df0ae4e7f8"
  integrity sha512-y0m1JoUZSlPAjXVtPPW70aZWfIL/dSP7AFkRnniLCrK/8MDKog3TySTBmckD+RObVxH0v4Tox67+F14PdED2oQ==

staged-components@^1.1.2:
  version "1.1.2"
  resolved "https://registry.npmmirror.com/staged-components/-/staged-components-1.1.2.tgz#519654629517b2ed6abfd7758b3b8f5dbb616f91"
  integrity sha512-Fzf0qhYau/zn1pEsZSZml0b8vvGvdC+xo71jM0TE8vtM/2VjRCGLWaPb3vH3csaLv4qcoXVMMcRIeSO+HTHehQ==

tslib@^2.3.1:
  version "2.3.1"
  resolved "https://registry.npmmirror.com/tslib/-/tslib-2.3.1.tgz#e8a335add5ceae51aa261d32a490158ef042ef01"
  integrity sha512-77EbyPPpMz+FRFRuAFlWMtmgUWGe9UOG2Z25NqCwiIjRhOf5iKGuzSe5P2w1laq+FkRy4p+PCuVkJSGkzTEKVw==
